
Microsoft Visual Studio Solution File, Format Version 12.00
# Visual Studio Version 17
VisualStudioVersion = 17.9.34607.119
MinimumVisualStudioVersion = 10.0.40219.1
Project("{9A19103F-16F7-4668-BE54-9A1E7A4F7556}") = "WeddingRegistration", "WeddingRegistration\WeddingRegistration.csproj", "{936C5B60-9875-4B12-8041-FE284191A82C}"
EndProject
Global
	GlobalSection(SolutionConfigurationPlatforms) = preSolution
		Debug|Any CPU = Debug|Any CPU
		Release|Any CPU = Release|Any CPU
	EndGlobalSection
	GlobalSection(ProjectConfigurationPlatforms) = postSolution
		{936C5B60-9875-4B12-8041-FE284191A82C}.Debug|Any CPU.ActiveCfg = Debug|Any CPU
		{936C5B60-9875-4B12-8041-FE284191A82C}.Debug|Any CPU.Build.0 = Debug|Any CPU
		{936C5B60-9875-4B12-8041-FE284191A82C}.Release|Any CPU.ActiveCfg = Release|Any CPU
		{936C5B60-9875-4B12-8041-FE284191A82C}.Release|Any CPU.Build.0 = Release|Any CPU
	EndGlobalSection
	GlobalSection(SolutionProperties) = preSolution
		HideSolutionNode = FALSE
	EndGlobalSection
	GlobalSection(ExtensibilityGlobals) = postSolution
		SolutionGuid = {66ED8B65-8BEC-4054-AC77-A40736CF3C34}
	EndGlobalSection
EndGlobal
