
Microsoft Visual Studio Solution File, Format Version 12.00
# Visual Studio Version 17
VisualStudioVersion = 17.9.34607.119
MinimumVisualStudioVersion = 10.0.40219.1
Project("{FAE04EC0-301F-11D3-BF4B-00C04F79EFBC}") = "WedReg", "WedReg\WedReg.csproj", "{F5194201-BCF3-4D81-87FD-498F961927F1}"
EndProject
Project("{FAE04EC0-301F-11D3-BF4B-00C04F79EFBC}") = "WedReg.API", "WedReg.API\WedReg.API.csproj", "{C48C9ADA-5135-4FB9-9E17-E911EA64963A}"
EndProject
Project("{FAE04EC0-301F-11D3-BF4B-00C04F79EFBC}") = "WedReg.Shared", "WedReg.Shared\WedReg.Shared.csproj", "{38330C0E-7433-4852-BC43-EEAF7DF04114}"
EndProject
Global
	GlobalSection(SolutionConfigurationPlatforms) = preSolution
		Debug|Any CPU = Debug|Any CPU
		Release|Any CPU = Release|Any CPU
	EndGlobalSection
	GlobalSection(ProjectConfigurationPlatforms) = postSolution
		{F5194201-BCF3-4D81-87FD-498F961927F1}.Debug|Any CPU.ActiveCfg = Debug|Any CPU
		{F5194201-BCF3-4D81-87FD-498F961927F1}.Debug|Any CPU.Build.0 = Debug|Any CPU
		{F5194201-BCF3-4D81-87FD-498F961927F1}.Release|Any CPU.ActiveCfg = Release|Any CPU
		{F5194201-BCF3-4D81-87FD-498F961927F1}.Release|Any CPU.Build.0 = Release|Any CPU
		{C48C9ADA-5135-4FB9-9E17-E911EA64963A}.Debug|Any CPU.ActiveCfg = Debug|Any CPU
		{C48C9ADA-5135-4FB9-9E17-E911EA64963A}.Debug|Any CPU.Build.0 = Debug|Any CPU
		{C48C9ADA-5135-4FB9-9E17-E911EA64963A}.Release|Any CPU.ActiveCfg = Release|Any CPU
		{C48C9ADA-5135-4FB9-9E17-E911EA64963A}.Release|Any CPU.Build.0 = Release|Any CPU
		{38330C0E-7433-4852-BC43-EEAF7DF04114}.Debug|Any CPU.ActiveCfg = Debug|Any CPU
		{38330C0E-7433-4852-BC43-EEAF7DF04114}.Debug|Any CPU.Build.0 = Debug|Any CPU
		{38330C0E-7433-4852-BC43-EEAF7DF04114}.Release|Any CPU.ActiveCfg = Release|Any CPU
		{38330C0E-7433-4852-BC43-EEAF7DF04114}.Release|Any CPU.Build.0 = Release|Any CPU
	EndGlobalSection
	GlobalSection(SolutionProperties) = preSolution
		HideSolutionNode = FALSE
	EndGlobalSection
	GlobalSection(ExtensibilityGlobals) = postSolution
		SolutionGuid = {68C74137-FB33-46EE-97E7-FFE1B84DCB3B}
	EndGlobalSection
EndGlobal
